
Microsoft Visual Studio Solution File, Format Version 12.00
# Visual Studio Version 17
VisualStudioVersion = 17.9.34723.18
MinimumVisualStudioVersion = 10.0.40219.1
Project("{9A19103F-16F7-4668-BE54-9A1E7A4F7556}") = "TryKursach", "TryKursach\TryKursach.csproj", "{48C9EF84-EAD1-48E7-BAEC-E0C45D97AF55}"
EndProject
Global
	GlobalSection(SolutionConfigurationPlatforms) = preSolution
		Debug|Any CPU = Debug|Any CPU
		Release|Any CPU = Release|Any CPU
	EndGlobalSection
	GlobalSection(ProjectConfigurationPlatforms) = postSolution
		{48C9EF84-EAD1-48E7-BAEC-E0C45D97AF55}.Debug|Any CPU.ActiveCfg = Debug|Any CPU
		{48C9EF84-EAD1-48E7-BAEC-E0C45D97AF55}.Debug|Any CPU.Build.0 = Debug|Any CPU
		{48C9EF84-EAD1-48E7-BAEC-E0C45D97AF55}.Release|Any CPU.ActiveCfg = Release|Any CPU
		{48C9EF84-EAD1-48E7-BAEC-E0C45D97AF55}.Release|Any CPU.Build.0 = Release|Any CPU
	EndGlobalSection
	GlobalSection(SolutionProperties) = preSolution
		HideSolutionNode = FALSE
	EndGlobalSection
	GlobalSection(ExtensibilityGlobals) = postSolution
		SolutionGuid = {5BF1663E-BDDE-4EBD-A9DD-48B6515D29A8}
	EndGlobalSection
EndGlobal
